
Microsoft Visual Studio Solution File, Format Version 12.00
# Visual Studio 15
VisualStudioVersion = 15.0.27428.2005
MinimumVisualStudioVersion = 10.0.40219.1
Project("{888888A0-9F3D-457C-B088-3A5042F75D52}") = "flask-video-streaming", "flask-video-streaming.pyproj", "{BFB78B20-7DDB-4F08-8666-469502B87B2F}"
EndProject
Global
	GlobalSection(SolutionConfigurationPlatforms) = preSolution
		Debug|Any CPU = Debug|Any CPU
		Release|Any CPU = Release|Any CPU
	EndGlobalSection
	GlobalSection(ProjectConfigurationPlatforms) = postSolution
		{BFB78B20-7DDB-4F08-8666-469502B87B2F}.Debug|Any CPU.ActiveCfg = Debug|Any CPU
		{BFB78B20-7DDB-4F08-8666-469502B87B2F}.Release|Any CPU.ActiveCfg = Release|Any CPU
	EndGlobalSection
	GlobalSection(SolutionProperties) = preSolution
		HideSolutionNode = FALSE
	EndGlobalSection
	GlobalSection(ExtensibilityGlobals) = postSolution
		SolutionGuid = {393949D3-A534-4806-A6B2-706AEFCD7EBD}
	EndGlobalSection
EndGlobal
